
Microsoft Visual Studio Solution File, Format Version 12.00
# Visual Studio Version 16
VisualStudioVersion = 16.0.29123.89
MinimumVisualStudioVersion = 10.0.40219.1
Project("{888888A0-9F3D-457C-B088-3A5042F75D52}") = "cs340_project", "cs340_project\cs340_project.pyproj", "{D03A36CC-BDC6-4379-9CA4-1412490D7DA3}"
EndProject
Global
	GlobalSection(SolutionConfigurationPlatforms) = preSolution
		Debug|Any CPU = Debug|Any CPU
		Release|Any CPU = Release|Any CPU
	EndGlobalSection
	GlobalSection(ProjectConfigurationPlatforms) = postSolution
		{D03A36CC-BDC6-4379-9CA4-1412490D7DA3}.Debug|Any CPU.ActiveCfg = Debug|Any CPU
		{D03A36CC-BDC6-4379-9CA4-1412490D7DA3}.Release|Any CPU.ActiveCfg = Release|Any CPU
	EndGlobalSection
	GlobalSection(SolutionProperties) = preSolution
		HideSolutionNode = FALSE
	EndGlobalSection
	GlobalSection(ExtensibilityGlobals) = postSolution
		SolutionGuid = {62D844CD-D93D-4A1D-A776-02FFE6E4517F}
	EndGlobalSection
EndGlobal
